// !$*UTF8*$!
{
	archiveVersion = 1;
	classes = {
	};
	objectVersion = 46;
	objects = {

/* Begin PBXBuildFile section */
		0092C6A31F33AEDC0003DB8D /* AppDelegate.swift in Sources */ = {isa = PBXBuildFile; fileRef = 0092C6A21F33AEDC0003DB8D /* AppDelegate.swift */; };
		0092C6AA1F33AEDC0003DB8D /* Main.storyboard in Resources */ = {isa = PBXBuildFile; fileRef = 0092C6A81F33AEDC0003DB8D /* Main.storyboard */; };
		0092C6AC1F33AEDC0003DB8D /* Assets.xcassets in Resources */ = {isa = PBXBuildFile; fileRef = 0092C6AB1F33AEDC0003DB8D /* Assets.xcassets */; };
		0092C6AF1F33AEDC0003DB8D /* LaunchScreen.storyboard in Resources */ = {isa = PBXBuildFile; fileRef = 0092C6AD1F33AEDC0003DB8D /* LaunchScreen.storyboard */; };
		0092C6BA1F33AEDD0003DB8D /* _048Tests.swift in Sources */ = {isa = PBXBuildFile; fileRef = 0092C6B91F33AEDD0003DB8D /* _048Tests.swift */; };
		0092C6C51F33AEDD0003DB8D /* _048UITests.swift in Sources */ = {isa = PBXBuildFile; fileRef = 0092C6C41F33AEDD0003DB8D /* _048UITests.swift */; };
		0092C6D31F33AF790003DB8D /* GameVC.swift in Sources */ = {isa = PBXBuildFile; fileRef = 0092C6D21F33AF790003DB8D /* GameVC.swift */; };
		0092C6D51F33AF8B0003DB8D /* CustomizeVC.swift in Sources */ = {isa = PBXBuildFile; fileRef = 0092C6D41F33AF8B0003DB8D /* CustomizeVC.swift */; };
		0092C6D71F33B1490003DB8D /* Grid.swift in Sources */ = {isa = PBXBuildFile; fileRef = 0092C6D61F33B1490003DB8D /* Grid.swift */; };
/* End PBXBuildFile section */

/* Begin PBXContainerItemProxy section */
		0092C6B61F33AEDD0003DB8D /* PBXContainerItemProxy */ = {
			isa = PBXContainerItemProxy;
			containerPortal = 0092C6971F33AEDC0003DB8D /* Project object */;
			proxyType = 1;
			remoteGlobalIDString = 0092C69E1F33AEDC0003DB8D;
			remoteInfo = 2048;
		};
		0092C6C11F33AEDD0003DB8D /* PBXContainerItemProxy */ = {
			isa = PBXContainerItemProxy;
			containerPortal = 0092C6971F33AEDC0003DB8D /* Project object */;
			proxyType = 1;
			remoteGlobalIDString = 0092C69E1F33AEDC0003DB8D;
			remoteInfo = 2048;
		};
/* End PBXContainerItemProxy section */

/* Begin PBXFileReference section */
		0092C69F1F33AEDC0003DB8D /* 2048.app */ = {isa = PBXFileReference; explicitFileType = wrapper.application; includeInIndex = 0; path = 2048.app; sourceTree = BUILT_PRODUCTS_DIR; };
		0092C6A21F33AEDC0003DB8D /* AppDelegate.swift */ = {isa = PBXFileReference; lastKnownFileType = sourcecode.swift; path = AppDelegate.swift; sourceTree = "<group>"; };
		0092C6A91F33AEDC0003DB8D /* Base */ = {isa = PBXFileReference; lastKnownFileType = file.storyboard; name = Base; path = Base.lproj/Main.storyboard; sourceTree = "<group>"; };
		0092C6AB1F33AEDC0003DB8D /* Assets.xcassets */ = {isa = PBXFileReference; lastKnownFileType = folder.assetcatalog; path = Assets.xcassets; sourceTree = "<group>"; };
		0092C6AE1F33AEDC0003DB8D /* Base */ = {isa = PBXFileReference; lastKnownFileType = file.storyboard; name = Base; path = Base.lproj/LaunchScreen.storyboard; sourceTree = "<group>"; };
		0092C6B01F33AEDC0003DB8D /* Info.plist */ = {isa = PBXFileReference; lastKnownFileType = text.plist.xml; path = Info.plist; sourceTree = "<group>"; };
		0092C6B51F33AEDD0003DB8D /* 2048Tests.xctest */ = {isa = PBXFileReference; explicitFileType = wrapper.cfbundle; includeInIndex = 0; path = 2048Tests.xctest; sourceTree = BUILT_PRODUCTS_DIR; };
		0092C6B91F33AEDD0003DB8D /* _048Tests.swift */ = {isa = PBXFileReference; lastKnownFileType = sourcecode.swift; path = _048Tests.swift; sourceTree = "<group>"; };
		0092C6BB1F33AEDD0003DB8D /* Info.plist */ = {isa = PBXFileReference; lastKnownFileType = text.plist.xml; path = Info.plist; sourceTree = "<group>"; };
		0092C6C01F33AEDD0003DB8D /* 2048UITests.xctest */ = {isa = PBXFileReference; explicitFileType = wrapper.cfbundle; includeInIndex = 0; path = 2048UITests.xctest; sourceTree = BUILT_PRODUCTS_DIR; };
		0092C6C41F33AEDD0003DB8D /* _048UITests.swift */ = {isa = PBXFileReference; lastKnownFileType = sourcecode.swift; path = _048UITests.swift; sourceTree = "<group>"; };
		0092C6C61F33AEDD0003DB8D /* Info.plist */ = {isa = PBXFileReference; lastKnownFileType = text.plist.xml; path = Info.plist; sourceTree = "<group>"; };
		0092C6D21F33AF790003DB8D /* GameVC.swift */ = {isa = PBXFileReference; fileEncoding = 4; lastKnownFileType = sourcecode.swift; path = GameVC.swift; sourceTree = "<group>"; };
		0092C6D41F33AF8B0003DB8D /* CustomizeVC.swift */ = {isa = PBXFileReference; fileEncoding = 4; lastKnownFileType = sourcecode.swift; path = CustomizeVC.swift; sourceTree = "<group>"; };
		0092C6D61F33B1490003DB8D /* Grid.swift */ = {isa = PBXFileReference; fileEncoding = 4; lastKnownFileType = sourcecode.swift; path = Grid.swift; sourceTree = "<group>"; };
/* End PBXFileReference section */

/* Begin PBXFrameworksBuildPhase section */
		0092C69C1F33AEDC0003DB8D /* Frameworks */ = {
			isa = PBXFrameworksBuildPhase;
			buildActionMask = 2147483647;
			files = (
			);
			runOnlyForDeploymentPostprocessing = 0;
		};
		0092C6B21F33AEDD0003DB8D /* Frameworks */ = {
			isa = PBXFrameworksBuildPhase;
			buildActionMask = 2147483647;
			files = (
			);
			runOnlyForDeploymentPostprocessing = 0;
		};
		0092C6BD1F33AEDD0003DB8D /* Frameworks */ = {
			isa = PBXFrameworksBuildPhase;
			buildActionMask = 2147483647;
			files = (
			);
			runOnlyForDeploymentPostprocessing = 0;
		};
/* End PBXFrameworksBuildPhase section */

/* Begin PBXGroup section */
		0092C6961F33AEDC0003DB8D = {
			isa = PBXGroup;
			children = (
				0092C6A11F33AEDC0003DB8D /* 2048 */,
				0092C6B81F33AEDD0003DB8D /* 2048Tests */,
				0092C6C31F33AEDD0003DB8D /* 2048UITests */,
				0092C6A01F33AEDC0003DB8D /* Products */,
			);
			sourceTree = "<group>";
		};
		0092C6A01F33AEDC0003DB8D /* Products */ = {
			isa = PBXGroup;
			children = (
				0092C69F1F33AEDC0003DB8D /* 2048.app */,
				0092C6B51F33AEDD0003DB8D /* 2048Tests.xctest */,
				0092C6C01F33AEDD0003DB8D /* 2048UITests.xctest */,
			);
			name = Products;
			sourceTree = "<group>";
		};
		0092C6A11F33AEDC0003DB8D /* 2048 */ = {
			isa = PBXGroup;
			children = (
				0092C6A21F33AEDC0003DB8D /* AppDelegate.swift */,
				0092C6D21F33AF790003DB8D /* GameVC.swift */,
				0092C6D41F33AF8B0003DB8D /* CustomizeVC.swift */,
				0092C6D61F33B1490003DB8D /* Grid.swift */,
				0092C6A81F33AEDC0003DB8D /* Main.storyboard */,
				0092C6AB1F33AEDC0003DB8D /* Assets.xcassets */,
				0092C6AD1F33AEDC0003DB8D /* LaunchScreen.storyboard */,
				0092C6B01F33AEDC0003DB8D /* Info.plist */,
			);
			path = 2048;
			sourceTree = "<group>";
		};
		0092C6B81F33AEDD0003DB8D /* 2048Tests */ = {
			isa = PBXGroup;
			children = (
				0092C6B91F33AEDD0003DB8D /* _048Tests.swift */,
				0092C6BB1F33AEDD0003DB8D /* Info.plist */,
			);
			path = 2048Tests;
			sourceTree = "<group>";
		};
		0092C6C31F33AEDD0003DB8D /* 2048UITests */ = {
			isa = PBXGroup;
			children = (
				0092C6C41F33AEDD0003DB8D /* _048UITests.swift */,
				0092C6C61F33AEDD0003DB8D /* Info.plist */,
			);
			path = 2048UITests;
			sourceTree = "<group>";
		};
/* End PBXGroup section */

/* Begin PBXNativeTarget section */
		0092C69E1F33AEDC0003DB8D /* 2048 */ = {
			isa = PBXNativeTarget;
			buildConfigurationList = 0092C6C91F33AEDD0003DB8D /* Build configuration list for PBXNativeTarget "2048" */;
			buildPhases = (
				0092C69B1F33AEDC0003DB8D /* Sources */,
				0092C69C1F33AEDC0003DB8D /* Frameworks */,
				0092C69D1F33AEDC0003DB8D /* Resources */,
			);
			buildRules = (
			);
			dependencies = (
			);
			name = 2048;
			productName = 2048;
			productReference = 0092C69F1F33AEDC0003DB8D /* 2048.app */;
			productType = "com.apple.product-type.application";
		};
		0092C6B41F33AEDD0003DB8D /* 2048Tests */ = {
			isa = PBXNativeTarget;
			buildConfigurationList = 0092C6CC1F33AEDD0003DB8D /* Build configuration list for PBXNativeTarget "2048Tests" */;
			buildPhases = (
				0092C6B11F33AEDD0003DB8D /* Sources */,
				0092C6B21F33AEDD0003DB8D /* Frameworks */,
				0092C6B31F33AEDD0003DB8D /* Resources */,
			);
			buildRules = (
			);
			dependencies = (
				0092C6B71F33AEDD0003DB8D /* PBXTargetDependency */,
			);
			name = 2048Tests;
			productName = 2048Tests;
			productReference = 0092C6B51F33AEDD0003DB8D /* 2048Tests.xctest */;
			productType = "com.apple.product-type.bundle.unit-test";
		};
		0092C6BF1F33AEDD0003DB8D /* 2048UITests */ = {
			isa = PBXNativeTarget;
			buildConfigurationList = 0092C6CF1F33AEDD0003DB8D /* Build configuration list for PBXNativeTarget "2048UITests" */;
			buildPhases = (
				0092C6BC1F33AEDD0003DB8D /* Sources */,
				0092C6BD1F33AEDD0003DB8D /* Frameworks */,
				0092C6BE1F33AEDD0003DB8D /* Resources */,
			);
			buildRules = (
			);
			dependencies = (
				0092C6C21F33AEDD0003DB8D /* PBXTargetDependency */,
			);
			name = 2048UITests;
			productName = 2048UITests;
			productReference = 0092C6C01F33AEDD0003DB8D /* 2048UITests.xctest */;
			productType = "com.apple.product-type.bundle.ui-testing";
		};
/* End PBXNativeTarget section */

/* Begin PBXProject section */
		0092C6971F33AEDC0003DB8D /* Project object */ = {
			isa = PBXProject;
			attributes = {
				LastSwiftUpdateCheck = 0830;
				LastUpgradeCheck = 0830;
				ORGANIZATIONNAME = "Jeffrey Hu";
				TargetAttributes = {
					0092C69E1F33AEDC0003DB8D = {
						CreatedOnToolsVersion = 8.3.3;
						ProvisioningStyle = Automatic;
					};
					0092C6B41F33AEDD0003DB8D = {
						CreatedOnToolsVersion = 8.3.3;
						ProvisioningStyle = Automatic;
						TestTargetID = 0092C69E1F33AEDC0003DB8D;
					};
					0092C6BF1F33AEDD0003DB8D = {
						CreatedOnToolsVersion = 8.3.3;
						ProvisioningStyle = Automatic;
						TestTargetID = 0092C69E1F33AEDC0003DB8D;
					};
				};
			};
			buildConfigurationList = 0092C69A1F33AEDC0003DB8D /* Build configuration list for PBXProject "2048" */;
			compatibilityVersion = "Xcode 3.2";
			developmentRegion = English;
			hasScannedForEncodings = 0;
			knownRegions = (
				en,
				Base,
			);
			mainGroup = 0092C6961F33AEDC0003DB8D;
			productRefGroup = 0092C6A01F33AEDC0003DB8D /* Products */;
			projectDirPath = "";
			projectRoot = "";
			targets = (
				0092C69E1F33AEDC0003DB8D /* 2048 */,
				0092C6B41F33AEDD0003DB8D /* 2048Tests */,
				0092C6BF1F33AEDD0003DB8D /* 2048UITests */,
			);
		};
/* End PBXProject section */

/* Begin PBXResourcesBuildPhase section */
		0092C69D1F33AEDC0003DB8D /* Resources */ = {
			isa = PBXResourcesBuildPhase;
			buildActionMask = 2147483647;
			files = (
				0092C6AF1F33AEDC0003DB8D /* LaunchScreen.storyboard in Resources */,
				0092C6AC1F33AEDC0003DB8D /* Assets.xcassets in Resources */,
				0092C6AA1F33AEDC0003DB8D /* Main.storyboard in Resources */,
			);
			runOnlyForDeploymentPostprocessing = 0;
		};
		0092C6B31F33AEDD0003DB8D /* Resources */ = {
			isa = PBXResourcesBuildPhase;
			buildActionMask = 2147483647;
			files = (
			);
			runOnlyForDeploymentPostprocessing = 0;
		};
		0092C6BE1F33AEDD0003DB8D /* Resources */ = {
			isa = PBXResourcesBuildPhase;
			buildActionMask = 2147483647;
			files = (
			);
			runOnlyForDeploymentPostprocessing = 0;
		};
/* End PBXResourcesBuildPhase section */

/* Begin PBXSourcesBuildPhase section */
		0092C69B1F33AEDC0003DB8D /* Sources */ = {
			isa = PBXSourcesBuildPhase;
			buildActionMask = 2147483647;
			files = (
				0092C6D31F33AF790003DB8D /* GameVC.swift in Sources */,
				0092C6A31F33AEDC0003DB8D /* AppDelegate.swift in Sources */,
				0092C6D51F33AF8B0003DB8D /* CustomizeVC.swift in Sources */,
				0092C6D71F33B1490003DB8D /* Grid.swift in Sources */,
			);
			runOnlyForDeploymentPostprocessing = 0;
		};
		0092C6B11F33AEDD0003DB8D /* Sources */ = {
			isa = PBXSourcesBuildPhase;
			buildActionMask = 2147483647;
			files = (
				0092C6BA1F33AEDD0003DB8D /* _048Tests.swift in Sources */,
			);
			runOnlyForDeploymentPostprocessing = 0;
		};
		0092C6BC1F33AEDD0003DB8D /* Sources */ = {
			isa = PBXSourcesBuildPhase;
			buildActionMask = 2147483647;
			files = (
				0092C6C51F33AEDD0003DB8D /* _048UITests.swift in Sources */,
			);
			runOnlyForDeploymentPostprocessing = 0;
		};
/* End PBXSourcesBuildPhase section */

/* Begin PBXTargetDependency section */
		0092C6B71F33AEDD0003DB8D /* PBXTargetDependency */ = {
			isa = PBXTargetDependency;
			target = 0092C69E1F33AEDC0003DB8D /* 2048 */;
			targetProxy = 0092C6B61F33AEDD0003DB8D /* PBXContainerItemProxy */;
		};
		0092C6C21F33AEDD0003DB8D /* PBXTargetDependency */ = {
			isa = PBXTargetDependency;
			target = 0092C69E1F33AEDC0003DB8D /* 2048 */;
			targetProxy = 0092C6C11F33AEDD0003DB8D /* PBXContainerItemProxy */;
		};
/* End PBXTargetDependency section */

/* Begin PBXVariantGroup section */
		0092C6A81F33AEDC0003DB8D /* Main.storyboard */ = {
			isa = PBXVariantGroup;
			children = (
				0092C6A91F33AEDC0003DB8D /* Base */,
			);
			name = Main.storyboard;
			sourceTree = "<group>";
		};
		0092C6AD1F33AEDC0003DB8D /* LaunchScreen.storyboard */ = {
			isa = PBXVariantGroup;
			children = (
				0092C6AE1F33AEDC0003DB8D /* Base */,
			);
			name = LaunchScreen.storyboard;
			sourceTree = "<group>";
		};
/* End PBXVariantGroup section */

/* Begin XCBuildConfiguration section */
		0092C6C71F33AEDD0003DB8D /* Debug */ = {
			isa = XCBuildConfiguration;
			buildSettings = {
				ALWAYS_SEARCH_USER_PATHS = NO;
				CLANG_ANALYZER_NONNULL = YES;
				CLANG_ANALYZER_NUMBER_OBJECT_CONVERSION = YES_AGGRESSIVE;
				CLANG_CXX_LANGUAGE_STANDARD = "gnu++0x";
				CLANG_CXX_LIBRARY = "libc++";
				CLANG_ENABLE_MODULES = YES;
				CLANG_ENABLE_OBJC_ARC = YES;
				CLANG_WARN_BOOL_CONVERSION = YES;
				CLANG_WARN_CONSTANT_CONVERSION = YES;
				CLANG_WARN_DIRECT_OBJC_ISA_USAGE = YES_ERROR;
				CLANG_WARN_DOCUMENTATION_COMMENTS = YES;
				CLANG_WARN_EMPTY_BODY = YES;
				CLANG_WARN_ENUM_CONVERSION = YES;
				CLANG_WARN_INFINITE_RECURSION = YES;
				CLANG_WARN_INT_CONVERSION = YES;
				CLANG_WARN_OBJC_ROOT_CLASS = YES_ERROR;
				CLANG_WARN_SUSPICIOUS_MOVE = YES;
				CLANG_WARN_UNREACHABLE_CODE = YES;
				CLANG_WARN__DUPLICATE_METHOD_MATCH = YES;
				"CODE_SIGN_IDENTITY[sdk=iphoneos*]" = "iPhone Developer";
				COPY_PHASE_STRIP = NO;
				DEBUG_INFORMATION_FORMAT = dwarf;
				ENABLE_STRICT_OBJC_MSGSEND = YES;
				ENABLE_TESTABILITY = YES;
				GCC_C_LANGUAGE_STANDARD = gnu99;
				GCC_DYNAMIC_NO_PIC = NO;
				GCC_NO_COMMON_BLOCKS = YES;
				GCC_OPTIMIZATION_LEVEL = 0;
				GCC_PREPROCESSOR_DEFINITIONS = (
					"DEBUG=1",
					"$(inherited)",
				);
				GCC_WARN_64_TO_32_BIT_CONVERSION = YES;
				GCC_WARN_ABOUT_RETURN_TYPE = YES_ERROR;
				GCC_WARN_UNDECLARED_SELECTOR = YES;
				GCC_WARN_UNINITIALIZED_AUTOS = YES_AGGRESSIVE;
				GCC_WARN_UNUSED_FUNCTION = YES;
				GCC_WARN_UNUSED_VARIABLE = YES;
				IPHONEOS_DEPLOYMENT_TARGET = 10.3;
				MTL_ENABLE_DEBUG_INFO = YES;
				ONLY_ACTIVE_ARCH = YES;
				SDKROOT = iphoneos;
				SWIFT_ACTIVE_COMPILATION_CONDITIONS = DEBUG;
				SWIFT_OPTIMIZATION_LEVEL = "-Onone";
				TARGETED_DEVICE_FAMILY = "1,2";
			};
			name = Debug;
		};
		0092C6C81F33AEDD0003DB8D /* Release */ = {
			isa = XCBuildConfiguration;
			buildSettings = {
				ALWAYS_SEARCH_USER_PATHS = NO;
				CLANG_ANALYZER_NONNULL = YES;
				CLANG_ANALYZER_NUMBER_OBJECT_CONVERSION = YES_AGGRESSIVE;
				CLANG_CXX_LANGUAGE_STANDARD = "gnu++0x";
				CLANG_CXX_LIBRARY = "libc++";
				CLANG_ENABLE_MODULES = YES;
				CLANG_ENABLE_OBJC_ARC = YES;
				CLANG_WARN_BOOL_CONVERSION = YES;
				CLANG_WARN_CONSTANT_CONVERSION = YES;
				CLANG_WARN_DIRECT_OBJC_ISA_USAGE = YES_ERROR;
				CLANG_WARN_DOCUMENTATION_COMMENTS = YES;
				CLANG_WARN_EMPTY_BODY = YES;
				CLANG_WARN_ENUM_CONVERSION = YES;
				CLANG_WARN_INFINITE_RECURSION = YES;
				CLANG_WARN_INT_CONVERSION = YES;
				CLANG_WARN_OBJC_ROOT_CLASS = YES_ERROR;
				CLANG_WARN_SUSPICIOUS_MOVE = YES;
				CLANG_WARN_UNREACHABLE_CODE = YES;
				CLANG_WARN__DUPLICATE_METHOD_MATCH = YES;
				"CODE_SIGN_IDENTITY[sdk=iphoneos*]" = "iPhone Developer";
				COPY_PHASE_STRIP = NO;
				DEBUG_INFORMATION_FORMAT = "dwarf-with-dsym";
				ENABLE_NS_ASSERTIONS = NO;
				ENABLE_STRICT_OBJC_MSGSEND = YES;
				GCC_C_LANGUAGE_STANDARD = gnu99;
				GCC_NO_COMMON_BLOCKS = YES;
				GCC_WARN_64_TO_32_BIT_CONVERSION = YES;
				GCC_WARN_ABOUT_RETURN_TYPE = YES_ERROR;
				GCC_WARN_UNDECLARED_SELECTOR = YES;
				GCC_WARN_UNINITIALIZED_AUTOS = YES_AGGRESSIVE;
				GCC_WARN_UNUSED_FUNCTION = YES;
				GCC_WARN_UNUSED_VARIABLE = YES;
				IPHONEOS_DEPLOYMENT_TARGET = 10.3;
				MTL_ENABLE_DEBUG_INFO = NO;
				SDKROOT = iphoneos;
				SWIFT_OPTIMIZATION_LEVEL = "-Owholemodule";
				TARGETED_DEVICE_FAMILY = "1,2";
				VALIDATE_PRODUCT = YES;
			};
			name = Release;
		};
		0092C6CA1F33AEDD0003DB8D /* Debug */ = {
			isa = XCBuildConfiguration;
			buildSettings = {
				ASSETCATALOG_COMPILER_APPICON_NAME = AppIcon;
				INFOPLIST_FILE = 2048/Info.plist;
				LD_RUNPATH_SEARCH_PATHS = "$(inherited) @executable_path/Frameworks";
				PRODUCT_BUNDLE_IDENTIFIER = "hello.-048";
				PRODUCT_NAME = "$(TARGET_NAME)";
				SWIFT_VERSION = 3.0;
			};
			name = Debug;
		};
		0092C6CB1F33AEDD0003DB8D /* Release */ = {
			isa = XCBuildConfiguration;
			buildSettings = {
				ASSETCATALOG_COMPILER_APPICON_NAME = AppIcon;
				INFOPLIST_FILE = 2048/Info.plist;
				LD_RUNPATH_SEARCH_PATHS = "$(inherited) @executable_path/Frameworks";
				PRODUCT_BUNDLE_IDENTIFIER = "hello.-048";
				PRODUCT_NAME = "$(TARGET_NAME)";
				SWIFT_VERSION = 3.0;
			};
			name = Release;
		};
		0092C6CD1F33AEDD0003DB8D /* Debug */ = {
			isa = XCBuildConfiguration;
			buildSettings = {
				ALWAYS_EMBED_SWIFT_STANDARD_LIBRARIES = YES;
				BUNDLE_LOADER = "$(TEST_HOST)";
				INFOPLIST_FILE = 2048Tests/Info.plist;
				LD_RUNPATH_SEARCH_PATHS = "$(inherited) @executable_path/Frameworks @loader_path/Frameworks";
				PRODUCT_BUNDLE_IDENTIFIER = "hello.-048Tests";
				PRODUCT_NAME = "$(TARGET_NAME)";
				SWIFT_VERSION = 3.0;
				TEST_HOST = "$(BUILT_PRODUCTS_DIR)/2048.app/2048";
			};
			name = Debug;
		};
		0092C6CE1F33AEDD0003DB8D /* Release */ = {
			isa = XCBuildConfiguration;
			buildSettings = {
				ALWAYS_EMBED_SWIFT_STANDARD_LIBRARIES = YES;
				BUNDLE_LOADER = "$(TEST_HOST)";
				INFOPLIST_FILE = 2048Tests/Info.plist;
				LD_RUNPATH_SEARCH_PATHS = "$(inherited) @executable_path/Frameworks @loader_path/Frameworks";
				PRODUCT_BUNDLE_IDENTIFIER = "hello.-048Tests";
				PRODUCT_NAME = "$(TARGET_NAME)";
				SWIFT_VERSION = 3.0;
				TEST_HOST = "$(BUILT_PRODUCTS_DIR)/2048.app/2048";
			};
			name = Release;
		};
		0092C6D01F33AEDD0003DB8D /* Debug */ = {
			isa = XCBuildConfiguration;
			buildSettings = {
				ALWAYS_EMBED_SWIFT_STANDARD_LIBRARIES = YES;
				INFOPLIST_FILE = 2048UITests/Info.plist;
				LD_RUNPATH_SEARCH_PATHS = "$(inherited) @executable_path/Frameworks @loader_path/Frameworks";
				PRODUCT_BUNDLE_IDENTIFIER = "hello.-048UITests";
				PRODUCT_NAME = "$(TARGET_NAME)";
				SWIFT_VERSION = 3.0;
				TEST_TARGET_NAME = 2048;
			};
			name = Debug;
		};
		0092C6D11F33AEDD0003DB8D /* Release */ = {
			isa = XCBuildConfiguration;
			buildSettings = {
				ALWAYS_EMBED_SWIFT_STANDARD_LIBRARIES = YES;
				INFOPLIST_FILE = 2048UITests/Info.plist;
				LD_RUNPATH_SEARCH_PATHS = "$(inherited) @executable_path/Frameworks @loader_path/Frameworks";
				PRODUCT_BUNDLE_IDENTIFIER = "hello.-048UITests";
				PRODUCT_NAME = "$(TARGET_NAME)";
				SWIFT_VERSION = 3.0;
				TEST_TARGET_NAME = 2048;
			};
			name = Release;
		};
/* End XCBuildConfiguration section */

/* Begin XCConfigurationList section */
		0092C69A1F33AEDC0003DB8D /* Build configuration list for PBXProject "2048" */ = {
			isa = XCConfigurationList;
			buildConfigurations = (
				0092C6C71F33AEDD0003DB8D /* Debug */,
				0092C6C81F33AEDD0003DB8D /* Release */,
			);
			defaultConfigurationIsVisible = 0;
			defaultConfigurationName = Release;
		};
		0092C6C91F33AEDD0003DB8D /* Build configuration list for PBXNativeTarget "2048" */ = {
			isa = XCConfigurationList;
			buildConfigurations = (
				0092C6CA1F33AEDD0003DB8D /* Debug */,
				0092C6CB1F33AEDD0003DB8D /* Release */,
			);
			defaultConfigurationIsVisible = 0;
		};
		0092C6CC1F33AEDD0003DB8D /* Build configuration list for PBXNativeTarget "2048Tests" */ = {
			isa = XCConfigurationList;
			buildConfigurations = (
				0092C6CD1F33AEDD0003DB8D /* Debug */,
				0092C6CE1F33AEDD0003DB8D /* Release */,
			);
			defaultConfigurationIsVisible = 0;
		};
		0092C6CF1F33AEDD0003DB8D /* Build configuration list for PBXNativeTarget "2048UITests" */ = {
			isa = XCConfigurationList;
			buildConfigurations = (
				0092C6D01F33AEDD0003DB8D /* Debug */,
				0092C6D11F33AEDD0003DB8D /* Release */,
			);
			defaultConfigurationIsVisible = 0;
		};
/* End XCConfigurationList section */
	};
	rootObject = 0092C6971F33AEDC0003DB8D /* Project object */;
}
